// !$*UTF8*$!
{
	archiveVersion = 1;
	classes = {
	};
	objectVersion = 46;
	objects = {
/* Begin PBXBuildFile section */
		131CB6D70CC54C2494A0A6B6 /* TNSWidgets.framework in Embed Frameworks */ = {isa = PBXBuildFile; fileRef = 5F88136734804AD38A0B7B7B /* TNSWidgets.framework */; settings = {ATTRIBUTES = (CodeSignOnCopy, RemoveHeadersOnCopy, ); }; };
		244C95302E3E4503A6B2DDA3 /* LaunchScreen.storyboard in Resources */ = {isa = PBXBuildFile; fileRef = 0F551CB098694F7CB85CD89D /* LaunchScreen.storyboard */; };
		636FA039F22D48BFBCEDFBA5 /* GoogleService-Info.plist in Resources */ = {isa = PBXBuildFile; fileRef = 6D5CD7ED60384F6493D72FE7 /* GoogleService-Info.plist */; };
		73EB872A93A34090959F0A46 /* TNSWidgets.framework in Frameworks */ = {isa = PBXBuildFile; fileRef = 5F88136734804AD38A0B7B7B /* TNSWidgets.framework */; };
		858B842D18CA22B800AB12DE /* InfoPlist.strings in Resources */ = {isa = PBXBuildFile; fileRef = 858B833A18CA111C00AB12DE /* InfoPlist.strings */; };
		CD45EE7C18DC2D5800FB50C0 /* app in Resources */ = {isa = PBXBuildFile; fileRef = CD45EE7A18DC2D5800FB50C0 /* app */; };
		CD62955D1BB2678900AE3A93 /* main.m in Sources */ = {isa = PBXBuildFile; fileRef = CD62955C1BB2678900AE3A93 /* main.m */; };
		D3F6A0F1303848198A45ED54 /* Assets.xcassets in Resources */ = {isa = PBXBuildFile; fileRef = C6AD20B3FE724B4BA6BABA5A /* Assets.xcassets */; };
		DE34B41402821B215B367D8A /* Pods_nggram.framework in Frameworks */ = {isa = PBXBuildFile; fileRef = A12769B5D8CFE278F59DFEEE /* Pods_nggram.framework */; };
		E98E5074C17F4A87AA8C7661 /* build.xcconfig in Resources */ = {isa = PBXBuildFile; fileRef = 234A90E539814F15AE63E36D /* build.xcconfig */; };
/* End PBXBuildFile section */

/* Begin PBXCopyFilesBuildPhase section */
		85F5BDFC1A9363BE006B9701 /* Embed Frameworks */ = {
			isa = PBXCopyFilesBuildPhase;
			buildActionMask = 2147483647;
			dstPath = "";
			dstSubfolderSpec = 10;
			files = (
				131CB6D70CC54C2494A0A6B6 /* TNSWidgets.framework in Embed Frameworks */,
			);
			name = "Embed Frameworks";
			runOnlyForDeploymentPostprocessing = 0;
		};
/* End PBXCopyFilesBuildPhase section */

/* Begin PBXFileReference section */
		0F551CB098694F7CB85CD89D /* LaunchScreen.storyboard */ = {isa = PBXFileReference; fileEncoding = 4; lastKnownFileType = unknown; name = LaunchScreen.storyboard; path = nggram/Resources/LaunchScreen.storyboard; sourceTree = "<group>"; };
		234A90E539814F15AE63E36D /* build.xcconfig */ = {isa = PBXFileReference; fileEncoding = 4; lastKnownFileType = unknown; name = build.xcconfig; path = nggram/Resources/build.xcconfig; sourceTree = "<group>"; };
		5F88136734804AD38A0B7B7B /* TNSWidgets.framework */ = {isa = PBXFileReference; lastKnownFileType = wrapper.framework; name = TNSWidgets.framework; path = "$(SRCROOT)/../../node_modules/tns-core-modules-widgets/platforms/ios/TNSWidgets.framework"; sourceTree = "<group>"; };
		6D5CD7ED60384F6493D72FE7 /* GoogleService-Info.plist */ = {isa = PBXFileReference; fileEncoding = 4; lastKnownFileType = unknown; name = "GoogleService-Info.plist"; path = "nggram/Resources/GoogleService-Info.plist"; sourceTree = "<group>"; };
		858B832E18CA111C00AB12DE /* nggram.app */ = {isa = PBXFileReference; explicitFileType = wrapper.application; includeInIndex = 0; path = nggram.app; sourceTree = BUILT_PRODUCTS_DIR; };
		858B833918CA111C00AB12DE /* nggram-Info.plist */ = {isa = PBXFileReference; lastKnownFileType = text.plist.xml; path = "nggram-Info.plist"; sourceTree = "<group>"; };
		858B833B18CA111C00AB12DE /* en */ = {isa = PBXFileReference; lastKnownFileType = text.plist.strings; name = en; path = en.lproj/InfoPlist.strings; sourceTree = "<group>"; };
		858B833F18CA111C00AB12DE /* nggram-Prefix.pch */ = {isa = PBXFileReference; lastKnownFileType = sourcecode.c.h; path = "nggram-Prefix.pch"; sourceTree = "<group>"; };
		858B843318CA22B800AB12DE /* nggram.app */ = {isa = PBXFileReference; explicitFileType = wrapper.application; includeInIndex = 0; path = nggram.app; sourceTree = BUILT_PRODUCTS_DIR; };
		A12769B5D8CFE278F59DFEEE /* Pods_nggram.framework */ = {isa = PBXFileReference; explicitFileType = wrapper.framework; includeInIndex = 0; path = Pods_nggram.framework; sourceTree = BUILT_PRODUCTS_DIR; };
		C6AD20B3FE724B4BA6BABA5A /* Assets.xcassets */ = {isa = PBXFileReference; fileEncoding = 4; lastKnownFileType = unknown; name = Assets.xcassets; path = nggram/Resources/Assets.xcassets; sourceTree = "<group>"; };
		CD45EE7A18DC2D5800FB50C0 /* app */ = {isa = PBXFileReference; lastKnownFileType = folder; path = app; sourceTree = "<group>"; };
		CD62955C1BB2678900AE3A93 /* main.m */ = {isa = PBXFileReference; fileEncoding = 4; lastKnownFileType = sourcecode.c.objc; name = main.m; path = internal/main.m; sourceTree = SOURCE_ROOT; };
		CDD59A261BB43B5D00EC2671 /* build-debug.xcconfig */ = {isa = PBXFileReference; fileEncoding = 4; lastKnownFileType = text.xcconfig; path = "build-debug.xcconfig"; sourceTree = "<group>"; };
		CDD59A271BB43B5D00EC2671 /* build-release.xcconfig */ = {isa = PBXFileReference; fileEncoding = 4; lastKnownFileType = text.xcconfig; path = "build-release.xcconfig"; sourceTree = "<group>"; };
		CDF4743E1BA4855C0087EA85 /* build.xcconfig */ = {isa = PBXFileReference; fileEncoding = 4; lastKnownFileType = text.xcconfig; path = build.xcconfig; sourceTree = "<group>"; };
/* End PBXFileReference section */

/* Begin PBXFrameworksBuildPhase section */
		858B83F418CA22B800AB12DE /* Frameworks */ = {
			isa = PBXFrameworksBuildPhase;
			buildActionMask = 2147483647;
			files = (
				73EB872A93A34090959F0A46 /* TNSWidgets.framework in Frameworks */,
				DE34B41402821B215B367D8A /* Pods_nggram.framework in Frameworks */,
			);
			runOnlyForDeploymentPostprocessing = 0;
		};
/* End PBXFrameworksBuildPhase section */

/* Begin PBXGroup section */
		858B832518CA111C00AB12DE = {
			isa = PBXGroup;
			children = (
				E070579D1B39A9D000214BF1 /* Resources */,
				858B833718CA111C00AB12DE /* nggram */,
				858B833018CA111C00AB12DE /* Frameworks */,
				858B832F18CA111C00AB12DE /* Products */,
				EE8E143CD29C7356438FB13C /* Pods */,
			);
			sourceTree = "<group>";
		};
		858B832F18CA111C00AB12DE /* Products */ = {
			isa = PBXGroup;
			children = (
				858B832E18CA111C00AB12DE /* nggram.app */,
				858B843318CA22B800AB12DE /* nggram.app */,
			);
			name = Products;
			sourceTree = "<group>";
		};
		858B833018CA111C00AB12DE /* Frameworks */ = {
			isa = PBXGroup;
			children = (
				5F88136734804AD38A0B7B7B /* TNSWidgets.framework */,
				A12769B5D8CFE278F59DFEEE /* Pods_nggram.framework */,
			);
			name = Frameworks;
			sourceTree = "<group>";
		};
		858B833718CA111C00AB12DE /* nggram */ = {
			isa = PBXGroup;
			children = (
				CD45EE7A18DC2D5800FB50C0 /* app */,
				858B833818CA111C00AB12DE /* Supporting Files */,
			);
			path = nggram;
			sourceTree = "<group>";
		};
		858B833818CA111C00AB12DE /* Supporting Files */ = {
			isa = PBXGroup;
			children = (
				CDF4743E1BA4855C0087EA85 /* build.xcconfig */,
				CDD59A261BB43B5D00EC2671 /* build-debug.xcconfig */,
				CDD59A271BB43B5D00EC2671 /* build-release.xcconfig */,
				858B833918CA111C00AB12DE /* nggram-Info.plist */,
				858B833A18CA111C00AB12DE /* InfoPlist.strings */,
				CD62955C1BB2678900AE3A93 /* main.m */,
				858B833F18CA111C00AB12DE /* nggram-Prefix.pch */,
			);
			name = "Supporting Files";
			sourceTree = "<group>";
		};
		E070579D1B39A9D000214BF1 /* Resources */ = {
			isa = PBXGroup;
			children = (
				C6AD20B3FE724B4BA6BABA5A /* Assets.xcassets */,
				0F551CB098694F7CB85CD89D /* LaunchScreen.storyboard */,
				234A90E539814F15AE63E36D /* build.xcconfig */,
				6D5CD7ED60384F6493D72FE7 /* GoogleService-Info.plist */,
			);
			name = Resources;
			sourceTree = "<group>";
		};
		EE8E143CD29C7356438FB13C /* Pods */ = {
			isa = PBXGroup;
			children = (
			);
			name = Pods;
			sourceTree = "<group>";
		};
/* End PBXGroup section */

/* Begin PBXNativeTarget section */
		858B83EF18CA22B800AB12DE /* nggram */ = {
			isa = PBXNativeTarget;
			buildConfigurationList = 858B843018CA22B800AB12DE /* Build configuration list for PBXNativeTarget "nggram" */;
			buildPhases = (
				7427D9D6BB100C4F719E3CEA /* [CP] Check Pods Manifest.lock */,
				C97FD7AC1ADE5369004DB2A4 /* NativeScript PreBuild */,
				858B83F218CA22B800AB12DE /* Sources */,
				CD62955B1BB2651D00AE3A93 /* NativeScript PreLink */,
				858B83F418CA22B800AB12DE /* Frameworks */,
				858B842C18CA22B800AB12DE /* Resources */,
				85F5BDFC1A9363BE006B9701 /* Embed Frameworks */,
				CD3EAD351B05FF060042DBFC /* NativeScript PostBuild */,
				60BA5120E87BD928C93CA71C /* [CP] Embed Pods Frameworks */,
				F066C9A71E72165D9D544985 /* [CP] Copy Pods Resources */,
			);
			buildRules = (
			);
			dependencies = (
			);
			name = nggram;
			productName = JDBridgeApp;
			productReference = 858B843318CA22B800AB12DE /* nggram.app */;
			productType = "com.apple.product-type.application";
		};
/* End PBXNativeTarget section */

/* Begin PBXProject section */
		858B832618CA111C00AB12DE /* Project object */ = {
			isa = PBXProject;
			attributes = {
				CLASSPREFIX = TNS;
				LastUpgradeCheck = 500;
				ORGANIZATIONNAME = Telerik;
			};
			buildConfigurationList = 858B832918CA111C00AB12DE /* Build configuration list for PBXProject "nggram" */;
			compatibilityVersion = "Xcode 3.2";
			developmentRegion = English;
			hasScannedForEncodings = 0;
			knownRegions = (
				en,
			);
			mainGroup = 858B832518CA111C00AB12DE;
			productRefGroup = 858B832F18CA111C00AB12DE /* Products */;
			projectDirPath = "";
			projectRoot = "";
			targets = (
				858B83EF18CA22B800AB12DE /* nggram */,
			);
		};
/* End PBXProject section */

/* Begin PBXResourcesBuildPhase section */
		858B842C18CA22B800AB12DE /* Resources */ = {
			isa = PBXResourcesBuildPhase;
			buildActionMask = 2147483647;
			files = (
				CD45EE7C18DC2D5800FB50C0 /* app in Resources */,
				858B842D18CA22B800AB12DE /* InfoPlist.strings in Resources */,
				D3F6A0F1303848198A45ED54 /* Assets.xcassets in Resources */,
				244C95302E3E4503A6B2DDA3 /* LaunchScreen.storyboard in Resources */,
				E98E5074C17F4A87AA8C7661 /* build.xcconfig in Resources */,
				636FA039F22D48BFBCEDFBA5 /* GoogleService-Info.plist in Resources */,
			);
			runOnlyForDeploymentPostprocessing = 0;
		};
/* End PBXResourcesBuildPhase section */

/* Begin PBXShellScriptBuildPhase section */
		60BA5120E87BD928C93CA71C /* [CP] Embed Pods Frameworks */ = {
			isa = PBXShellScriptBuildPhase;
			buildActionMask = 2147483647;
			files = (
			);
			inputPaths = (
				"${SRCROOT}/Pods/Target Support Files/Pods-nggram/Pods-nggram-frameworks.sh",
				"${BUILT_PRODUCTS_DIR}/Bolts/Bolts.framework",
				"${BUILT_PRODUCTS_DIR}/BoringSSL/openssl.framework",
				"${BUILT_PRODUCTS_DIR}/FBSDKCoreKit/FBSDKCoreKit.framework",
				"${BUILT_PRODUCTS_DIR}/FBSDKLoginKit/FBSDKLoginKit.framework",
				"${BUILT_PRODUCTS_DIR}/GTMOAuth2/GTMOAuth2.framework",
				"${BUILT_PRODUCTS_DIR}/GTMSessionFetcher/GTMSessionFetcher.framework",
				"${BUILT_PRODUCTS_DIR}/GoogleAPIClientForREST/GoogleAPIClientForREST.framework",
				"${BUILT_PRODUCTS_DIR}/GoogleToolboxForMac/GoogleToolboxForMac.framework",
				"${BUILT_PRODUCTS_DIR}/Protobuf/Protobuf.framework",
				"${BUILT_PRODUCTS_DIR}/gRPC/GRPCClient.framework",
				"${BUILT_PRODUCTS_DIR}/gRPC-Core/grpc.framework",
				"${BUILT_PRODUCTS_DIR}/gRPC-ProtoRPC/ProtoRPC.framework",
				"${BUILT_PRODUCTS_DIR}/gRPC-RxLibrary/RxLibrary.framework",
				"${BUILT_PRODUCTS_DIR}/leveldb-library/leveldb.framework",
				"${BUILT_PRODUCTS_DIR}/nanopb/nanopb.framework",
			);
			name = "[CP] Embed Pods Frameworks";
			outputPaths = (
				"${TARGET_BUILD_DIR}/${FRAMEWORKS_FOLDER_PATH}/Bolts.framework",
				"${TARGET_BUILD_DIR}/${FRAMEWORKS_FOLDER_PATH}/openssl.framework",
				"${TARGET_BUILD_DIR}/${FRAMEWORKS_FOLDER_PATH}/FBSDKCoreKit.framework",
				"${TARGET_BUILD_DIR}/${FRAMEWORKS_FOLDER_PATH}/FBSDKLoginKit.framework",
				"${TARGET_BUILD_DIR}/${FRAMEWORKS_FOLDER_PATH}/GTMOAuth2.framework",
				"${TARGET_BUILD_DIR}/${FRAMEWORKS_FOLDER_PATH}/GTMSessionFetcher.framework",
				"${TARGET_BUILD_DIR}/${FRAMEWORKS_FOLDER_PATH}/GoogleAPIClientForREST.framework",
				"${TARGET_BUILD_DIR}/${FRAMEWORKS_FOLDER_PATH}/GoogleToolboxForMac.framework",
				"${TARGET_BUILD_DIR}/${FRAMEWORKS_FOLDER_PATH}/Protobuf.framework",
				"${TARGET_BUILD_DIR}/${FRAMEWORKS_FOLDER_PATH}/GRPCClient.framework",
				"${TARGET_BUILD_DIR}/${FRAMEWORKS_FOLDER_PATH}/grpc.framework",
				"${TARGET_BUILD_DIR}/${FRAMEWORKS_FOLDER_PATH}/ProtoRPC.framework",
				"${TARGET_BUILD_DIR}/${FRAMEWORKS_FOLDER_PATH}/RxLibrary.framework",
				"${TARGET_BUILD_DIR}/${FRAMEWORKS_FOLDER_PATH}/leveldb.framework",
				"${TARGET_BUILD_DIR}/${FRAMEWORKS_FOLDER_PATH}/nanopb.framework",
			);
			runOnlyForDeploymentPostprocessing = 0;
			shellPath = /bin/sh;
			shellScript = "\"${SRCROOT}/Pods/Target Support Files/Pods-nggram/Pods-nggram-frameworks.sh\"\n";
			showEnvVarsInLog = 0;
		};
		7427D9D6BB100C4F719E3CEA /* [CP] Check Pods Manifest.lock */ = {
			isa = PBXShellScriptBuildPhase;
			buildActionMask = 2147483647;
			files = (
			);
			inputPaths = (
				"${PODS_PODFILE_DIR_PATH}/Podfile.lock",
				"${PODS_ROOT}/Manifest.lock",
			);
			name = "[CP] Check Pods Manifest.lock";
			outputPaths = (
				"$(DERIVED_FILE_DIR)/Pods-nggram-checkManifestLockResult.txt",
			);
			runOnlyForDeploymentPostprocessing = 0;
			shellPath = /bin/sh;
			shellScript = "diff \"${PODS_PODFILE_DIR_PATH}/Podfile.lock\" \"${PODS_ROOT}/Manifest.lock\" > /dev/null\nif [ $? != 0 ] ; then\n    # print error to STDERR\n    echo \"error: The sandbox is not in sync with the Podfile.lock. Run 'pod install' or update your CocoaPods installation.\" >&2\n    exit 1\nfi\n# This output is used by Xcode 'outputs' to avoid re-running this script phase.\necho \"SUCCESS\" > \"${SCRIPT_OUTPUT_FILE_0}\"\n";
			showEnvVarsInLog = 0;
		};
		C97FD7AC1ADE5369004DB2A4 /* NativeScript PreBuild */ = {
			isa = PBXShellScriptBuildPhase;
			buildActionMask = 2147483647;
			files = (
			);
			inputPaths = (
			);
			name = "NativeScript PreBuild";
			outputPaths = (
			);
			runOnlyForDeploymentPostprocessing = 0;
			shellPath = /bin/sh;
			shellScript = "\"$SRCROOT/internal/nativescript-pre-build\"";
			showEnvVarsInLog = 0;
		};
		CD3EAD351B05FF060042DBFC /* NativeScript PostBuild */ = {
			isa = PBXShellScriptBuildPhase;
			buildActionMask = 2147483647;
			files = (
			);
			inputPaths = (
			);
			name = "NativeScript PostBuild";
			outputPaths = (
			);
			runOnlyForDeploymentPostprocessing = 0;
			shellPath = /bin/sh;
			shellScript = "\"$SRCROOT/internal/nativescript-post-build\"";
			showEnvVarsInLog = 0;
		};
		CD62955B1BB2651D00AE3A93 /* NativeScript PreLink */ = {
			isa = PBXShellScriptBuildPhase;
			buildActionMask = 2147483647;
			files = (
			);
			inputPaths = (
			);
			name = "NativeScript PreLink";
			outputPaths = (
			);
			runOnlyForDeploymentPostprocessing = 0;
			shellPath = /bin/sh;
			shellScript = "\"$SRCROOT/internal/nativescript-pre-link\"";
			showEnvVarsInLog = 0;
		};
		F066C9A71E72165D9D544985 /* [CP] Copy Pods Resources */ = {
			isa = PBXShellScriptBuildPhase;
			buildActionMask = 2147483647;
			files = (
			);
			inputPaths = (
				"${SRCROOT}/Pods/Target Support Files/Pods-nggram/Pods-nggram-resources.sh",
				"${PODS_ROOT}/FirebaseInvites/Resources/GINInviteResources.bundle",
				"${PODS_ROOT}/FirebaseInvites/Resources/GPPACLPickerResources.bundle",
				"${PODS_ROOT}/GoogleSignIn/Resources/GoogleSignIn.bundle",
			);
			name = "[CP] Copy Pods Resources";
			outputPaths = (
				"${TARGET_BUILD_DIR}/${UNLOCALIZED_RESOURCES_FOLDER_PATH}",
			);
			runOnlyForDeploymentPostprocessing = 0;
			shellPath = /bin/sh;
			shellScript = "\"${SRCROOT}/Pods/Target Support Files/Pods-nggram/Pods-nggram-resources.sh\"\n";
			showEnvVarsInLog = 0;
		};
/* End PBXShellScriptBuildPhase section */

/* Begin PBXSourcesBuildPhase section */
		858B83F218CA22B800AB12DE /* Sources */ = {
			isa = PBXSourcesBuildPhase;
			buildActionMask = 2147483647;
			files = (
				CD62955D1BB2678900AE3A93 /* main.m in Sources */,
			);
			runOnlyForDeploymentPostprocessing = 0;
		};
/* End PBXSourcesBuildPhase section */

/* Begin PBXVariantGroup section */
		858B833A18CA111C00AB12DE /* InfoPlist.strings */ = {
			isa = PBXVariantGroup;
			children = (
				858B833B18CA111C00AB12DE /* en */,
			);
			name = InfoPlist.strings;
			sourceTree = "<group>";
		};
/* End PBXVariantGroup section */

/* Begin XCBuildConfiguration section */
		858B835818CA111C00AB12DE /* Debug */ = {
			isa = XCBuildConfiguration;
			buildSettings = {
				ALWAYS_SEARCH_USER_PATHS = NO;
				ARCHS = "$(ARCHS_STANDARD)";
				CLANG_CXX_LANGUAGE_STANDARD = "gnu++0x";
				CLANG_CXX_LIBRARY = "libc++";
				CLANG_ENABLE_MODULES = YES;
				CLANG_ENABLE_OBJC_ARC = YES;
				CLANG_WARN_BOOL_CONVERSION = YES;
				CLANG_WARN_CONSTANT_CONVERSION = YES;
				CLANG_WARN_DIRECT_OBJC_ISA_USAGE = YES_ERROR;
				CLANG_WARN_EMPTY_BODY = YES;
				CLANG_WARN_ENUM_CONVERSION = YES;
				CLANG_WARN_INT_CONVERSION = YES;
				CLANG_WARN_OBJC_ROOT_CLASS = YES_ERROR;
				CLANG_WARN__DUPLICATE_METHOD_MATCH = YES;
				"CODE_SIGN_IDENTITY[sdk=iphoneos*]" = "iPhone Developer";
				COPY_PHASE_STRIP = NO;
				GCC_C_LANGUAGE_STANDARD = gnu99;
				GCC_DYNAMIC_NO_PIC = NO;
				GCC_OPTIMIZATION_LEVEL = 0;
				GCC_SYMBOLS_PRIVATE_EXTERN = NO;
				GCC_WARN_64_TO_32_BIT_CONVERSION = YES;
				GCC_WARN_ABOUT_RETURN_TYPE = YES_ERROR;
				GCC_WARN_UNDECLARED_SELECTOR = YES;
				GCC_WARN_UNINITIALIZED_AUTOS = YES;
				GCC_WARN_UNUSED_FUNCTION = YES;
				GCC_WARN_UNUSED_VARIABLE = YES;
				IPHONEOS_DEPLOYMENT_TARGET = 8.0;
				ONLY_ACTIVE_ARCH = YES;
				SDKROOT = iphoneos;
				TARGETED_DEVICE_FAMILY = "1,2";
				VALID_ARCHS = "armv7 arm64";
			};
			name = Debug;
		};
		858B835918CA111C00AB12DE /* Release */ = {
			isa = XCBuildConfiguration;
			buildSettings = {
				ALWAYS_SEARCH_USER_PATHS = NO;
				ARCHS = "$(ARCHS_STANDARD)";
				CLANG_CXX_LANGUAGE_STANDARD = "gnu++0x";
				CLANG_CXX_LIBRARY = "libc++";
				CLANG_ENABLE_MODULES = YES;
				CLANG_ENABLE_OBJC_ARC = YES;
				CLANG_WARN_BOOL_CONVERSION = YES;
				CLANG_WARN_CONSTANT_CONVERSION = YES;
				CLANG_WARN_DIRECT_OBJC_ISA_USAGE = YES_ERROR;
				CLANG_WARN_EMPTY_BODY = YES;
				CLANG_WARN_ENUM_CONVERSION = YES;
				CLANG_WARN_INT_CONVERSION = YES;
				CLANG_WARN_OBJC_ROOT_CLASS = YES_ERROR;
				CLANG_WARN__DUPLICATE_METHOD_MATCH = YES;
				"CODE_SIGN_IDENTITY[sdk=iphoneos*]" = "iPhone Developer";
				COPY_PHASE_STRIP = YES;
				ENABLE_NS_ASSERTIONS = NO;
				GCC_C_LANGUAGE_STANDARD = gnu99;
				GCC_WARN_64_TO_32_BIT_CONVERSION = YES;
				GCC_WARN_ABOUT_RETURN_TYPE = YES_ERROR;
				GCC_WARN_UNDECLARED_SELECTOR = YES;
				GCC_WARN_UNINITIALIZED_AUTOS = YES;
				GCC_WARN_UNUSED_FUNCTION = YES;
				GCC_WARN_UNUSED_VARIABLE = YES;
				IPHONEOS_DEPLOYMENT_TARGET = 8.0;
				SDKROOT = iphoneos;
				TARGETED_DEVICE_FAMILY = "1,2";
				VALIDATE_PRODUCT = YES;
				VALID_ARCHS = "armv7 arm64";
			};
			name = Release;
		};
		858B843118CA22B800AB12DE /* Debug */ = {
			isa = XCBuildConfiguration;
			baseConfigurationReference = CDD59A261BB43B5D00EC2671 /* build-debug.xcconfig */;
			buildSettings = {
				ARCHS = "$(ARCHS_STANDARD)";
				CLANG_ENABLE_MODULES = NO;
				CLANG_MODULES_AUTOLINK = NO;
				ENABLE_BITCODE = NO;
				FRAMEWORK_SEARCH_PATHS = (
					"$(inherited)",
					"\"$(SRCROOT)/../../node_modules/tns-core-modules-widgets/platforms/ios\"",
				);
				GCC_PRECOMPILE_PREFIX_HEADER = YES;
				GCC_PREFIX_HEADER = "nggram/nggram-Prefix.pch";
				GCC_PREPROCESSOR_DEFINITIONS = (
					"$(inherited)",
					"DEBUG=1",
				);
				INFOPLIST_FILE = "$(SRCROOT)/nggram/nggram-Info.plist";
				LD_RUNPATH_SEARCH_PATHS = "$(inherited) @executable_path/Frameworks";
				PRODUCT_NAME = nggram;
				VALID_ARCHS = "armv7 arm64";
				WRAPPER_EXTENSION = app;
			};
			name = Debug;
		};
		858B843218CA22B800AB12DE /* Release */ = {
			isa = XCBuildConfiguration;
			baseConfigurationReference = CDD59A271BB43B5D00EC2671 /* build-release.xcconfig */;
			buildSettings = {
				ARCHS = "$(ARCHS_STANDARD)";
				CLANG_ENABLE_MODULES = NO;
				CLANG_MODULES_AUTOLINK = NO;
				ENABLE_BITCODE = NO;
				FRAMEWORK_SEARCH_PATHS = (
					"$(inherited)",
					"\"$(SRCROOT)/../../node_modules/tns-core-modules-widgets/platforms/ios\"",
				);
				GCC_PRECOMPILE_PREFIX_HEADER = YES;
				GCC_PREFIX_HEADER = "nggram/nggram-Prefix.pch";
				INFOPLIST_FILE = "$(SRCROOT)/nggram/nggram-Info.plist";
				LD_RUNPATH_SEARCH_PATHS = "$(inherited) @executable_path/Frameworks";
				PRODUCT_NAME = nggram;
				VALID_ARCHS = "armv7 arm64";
				WRAPPER_EXTENSION = app;
			};
			name = Release;
		};
/* End XCBuildConfiguration section */

/* Begin XCConfigurationList section */
		858B832918CA111C00AB12DE /* Build configuration list for PBXProject "nggram" */ = {
			isa = XCConfigurationList;
			buildConfigurations = (
				858B835818CA111C00AB12DE /* Debug */,
				858B835918CA111C00AB12DE /* Release */,
			);
			defaultConfigurationIsVisible = 0;
			defaultConfigurationName = Release;
		};
		858B843018CA22B800AB12DE /* Build configuration list for PBXNativeTarget "nggram" */ = {
			isa = XCConfigurationList;
			buildConfigurations = (
				858B843118CA22B800AB12DE /* Debug */,
				858B843218CA22B800AB12DE /* Release */,
			);
			defaultConfigurationIsVisible = 0;
			defaultConfigurationName = Release;
		};
/* End XCConfigurationList section */
	};
	rootObject = 858B832618CA111C00AB12DE /* Project object */;
}
